
Microsoft Visual Studio Solution File, Format Version 12.00
# Visual Studio 15
VisualStudioVersion = 15.0.28307.757
MinimumVisualStudioVersion = 10.0.40219.1
Project("{FAE04EC0-301F-11D3-BF4B-00C04F79EFBC}") = "WebAPI", "WebAPI\WebAPI.csproj", "{C4245DB9-B70D-4612-9EF2-EE00B1F2FFDC}"
EndProject
Global
	GlobalSection(SolutionConfigurationPlatforms) = preSolution
		Debug|Any CPU = Debug|Any CPU
		Release|Any CPU = Release|Any CPU
	EndGlobalSection
	GlobalSection(ProjectConfigurationPlatforms) = postSolution
		{C4245DB9-B70D-4612-9EF2-EE00B1F2FFDC}.Debug|Any CPU.ActiveCfg = Debug|Any CPU
		{C4245DB9-B70D-4612-9EF2-EE00B1F2FFDC}.Debug|Any CPU.Build.0 = Debug|Any CPU
		{C4245DB9-B70D-4612-9EF2-EE00B1F2FFDC}.Release|Any CPU.ActiveCfg = Release|Any CPU
		{C4245DB9-B70D-4612-9EF2-EE00B1F2FFDC}.Release|Any CPU.Build.0 = Release|Any CPU
	EndGlobalSection
	GlobalSection(SolutionProperties) = preSolution
		HideSolutionNode = FALSE
	EndGlobalSection
	GlobalSection(ExtensibilityGlobals) = postSolution
		SolutionGuid = {F831154F-B731-4382-8530-5F034FC5DC55}
	EndGlobalSection
EndGlobal
